// !$*UTF8*$!
{
	archiveVersion = 1;
	classes = {
	};
	objectVersion = 46;
	objects = {

/* Begin PBXBuildFile section */
		99BA90561A3CE25F001625B0 /* main.m in Sources */ = {isa = PBXBuildFile; fileRef = 99BA90551A3CE25F001625B0 /* main.m */; };
		99BA90591A3CE25F001625B0 /* AppDelegate.m in Sources */ = {isa = PBXBuildFile; fileRef = 99BA90581A3CE25F001625B0 /* AppDelegate.m */; };
		99BA905C1A3CE25F001625B0 /* Thousand_Words.xcdatamodeld in Sources */ = {isa = PBXBuildFile; fileRef = 99BA905A1A3CE25F001625B0 /* Thousand_Words.xcdatamodeld */; };
		99BA905F1A3CE25F001625B0 /* ViewController.m in Sources */ = {isa = PBXBuildFile; fileRef = 99BA905E1A3CE25F001625B0 /* ViewController.m */; };
		99BA90621A3CE25F001625B0 /* Main.storyboard in Resources */ = {isa = PBXBuildFile; fileRef = 99BA90601A3CE25F001625B0 /* Main.storyboard */; };
		99BA90641A3CE25F001625B0 /* Images.xcassets in Resources */ = {isa = PBXBuildFile; fileRef = 99BA90631A3CE25F001625B0 /* Images.xcassets */; };
		99BA90671A3CE25F001625B0 /* LaunchScreen.xib in Resources */ = {isa = PBXBuildFile; fileRef = 99BA90651A3CE25F001625B0 /* LaunchScreen.xib */; };
		99BA90731A3CE25F001625B0 /* Thousand_WordsTests.m in Sources */ = {isa = PBXBuildFile; fileRef = 99BA90721A3CE25F001625B0 /* Thousand_WordsTests.m */; };
/* End PBXBuildFile section */

/* Begin PBXContainerItemProxy section */
		99BA906D1A3CE25F001625B0 /* PBXContainerItemProxy */ = {
			isa = PBXContainerItemProxy;
			containerPortal = 99BA90481A3CE25F001625B0 /* Project object */;
			proxyType = 1;
			remoteGlobalIDString = 99BA904F1A3CE25F001625B0;
			remoteInfo = "Thousand Words";
		};
/* End PBXContainerItemProxy section */

/* Begin PBXFileReference section */
		99BA90501A3CE25F001625B0 /* Thousand Words.app */ = {isa = PBXFileReference; explicitFileType = wrapper.application; includeInIndex = 0; path = "Thousand Words.app"; sourceTree = BUILT_PRODUCTS_DIR; };
		99BA90541A3CE25F001625B0 /* Info.plist */ = {isa = PBXFileReference; lastKnownFileType = text.plist.xml; path = Info.plist; sourceTree = "<group>"; };
		99BA90551A3CE25F001625B0 /* main.m */ = {isa = PBXFileReference; lastKnownFileType = sourcecode.c.objc; path = main.m; sourceTree = "<group>"; };
		99BA90571A3CE25F001625B0 /* AppDelegate.h */ = {isa = PBXFileReference; lastKnownFileType = sourcecode.c.h; path = AppDelegate.h; sourceTree = "<group>"; };
		99BA90581A3CE25F001625B0 /* AppDelegate.m */ = {isa = PBXFileReference; lastKnownFileType = sourcecode.c.objc; path = AppDelegate.m; sourceTree = "<group>"; };
		99BA905B1A3CE25F001625B0 /* Thousand_Words.xcdatamodel */ = {isa = PBXFileReference; lastKnownFileType = wrapper.xcdatamodel; path = Thousand_Words.xcdatamodel; sourceTree = "<group>"; };
		99BA905D1A3CE25F001625B0 /* ViewController.h */ = {isa = PBXFileReference; lastKnownFileType = sourcecode.c.h; path = ViewController.h; sourceTree = "<group>"; };
		99BA905E1A3CE25F001625B0 /* ViewController.m */ = {isa = PBXFileReference; lastKnownFileType = sourcecode.c.objc; path = ViewController.m; sourceTree = "<group>"; };
		99BA90611A3CE25F001625B0 /* Base */ = {isa = PBXFileReference; lastKnownFileType = file.storyboard; name = Base; path = Base.lproj/Main.storyboard; sourceTree = "<group>"; };
		99BA90631A3CE25F001625B0 /* Images.xcassets */ = {isa = PBXFileReference; lastKnownFileType = folder.assetcatalog; path = Images.xcassets; sourceTree = "<group>"; };
		99BA90661A3CE25F001625B0 /* Base */ = {isa = PBXFileReference; lastKnownFileType = file.xib; name = Base; path = Base.lproj/LaunchScreen.xib; sourceTree = "<group>"; };
		99BA906C1A3CE25F001625B0 /* Thousand WordsTests.xctest */ = {isa = PBXFileReference; explicitFileType = wrapper.cfbundle; includeInIndex = 0; path = "Thousand WordsTests.xctest"; sourceTree = BUILT_PRODUCTS_DIR; };
		99BA90711A3CE25F001625B0 /* Info.plist */ = {isa = PBXFileReference; lastKnownFileType = text.plist.xml; path = Info.plist; sourceTree = "<group>"; };
		99BA90721A3CE25F001625B0 /* Thousand_WordsTests.m */ = {isa = PBXFileReference; lastKnownFileType = sourcecode.c.objc; path = Thousand_WordsTests.m; sourceTree = "<group>"; };
/* End PBXFileReference section */

/* Begin PBXFrameworksBuildPhase section */
		99BA904D1A3CE25F001625B0 /* Frameworks */ = {
			isa = PBXFrameworksBuildPhase;
			buildActionMask = 2147483647;
			files = (
			);
			runOnlyForDeploymentPostprocessing = 0;
		};
		99BA90691A3CE25F001625B0 /* Frameworks */ = {
			isa = PBXFrameworksBuildPhase;
			buildActionMask = 2147483647;
			files = (
			);
			runOnlyForDeploymentPostprocessing = 0;
		};
/* End PBXFrameworksBuildPhase section */

/* Begin PBXGroup section */
		99BA90471A3CE25F001625B0 = {
			isa = PBXGroup;
			children = (
				99BA90521A3CE25F001625B0 /* Thousand Words */,
				99BA906F1A3CE25F001625B0 /* Thousand WordsTests */,
				99BA90511A3CE25F001625B0 /* Products */,
			);
			sourceTree = "<group>";
		};
		99BA90511A3CE25F001625B0 /* Products */ = {
			isa = PBXGroup;
			children = (
				99BA90501A3CE25F001625B0 /* Thousand Words.app */,
				99BA906C1A3CE25F001625B0 /* Thousand WordsTests.xctest */,
			);
			name = Products;
			sourceTree = "<group>";
		};
		99BA90521A3CE25F001625B0 /* Thousand Words */ = {
			isa = PBXGroup;
			children = (
				99BA90571A3CE25F001625B0 /* AppDelegate.h */,
				99BA90581A3CE25F001625B0 /* AppDelegate.m */,
				99BA905D1A3CE25F001625B0 /* ViewController.h */,
				99BA905E1A3CE25F001625B0 /* ViewController.m */,
				99BA90601A3CE25F001625B0 /* Main.storyboard */,
				99BA90631A3CE25F001625B0 /* Images.xcassets */,
				99BA90651A3CE25F001625B0 /* LaunchScreen.xib */,
				99BA905A1A3CE25F001625B0 /* Thousand_Words.xcdatamodeld */,
				99BA90531A3CE25F001625B0 /* Supporting Files */,
			);
			path = "Thousand Words";
			sourceTree = "<group>";
		};
		99BA90531A3CE25F001625B0 /* Supporting Files */ = {
			isa = PBXGroup;
			children = (
				99BA90541A3CE25F001625B0 /* Info.plist */,
				99BA90551A3CE25F001625B0 /* main.m */,
			);
			name = "Supporting Files";
			sourceTree = "<group>";
		};
		99BA906F1A3CE25F001625B0 /* Thousand WordsTests */ = {
			isa = PBXGroup;
			children = (
				99BA90721A3CE25F001625B0 /* Thousand_WordsTests.m */,
				99BA90701A3CE25F001625B0 /* Supporting Files */,
			);
			path = "Thousand WordsTests";
			sourceTree = "<group>";
		};
		99BA90701A3CE25F001625B0 /* Supporting Files */ = {
			isa = PBXGroup;
			children = (
				99BA90711A3CE25F001625B0 /* Info.plist */,
			);
			name = "Supporting Files";
			sourceTree = "<group>";
		};
/* End PBXGroup section */

/* Begin PBXNativeTarget section */
		99BA904F1A3CE25F001625B0 /* Thousand Words */ = {
			isa = PBXNativeTarget;
			buildConfigurationList = 99BA90761A3CE25F001625B0 /* Build configuration list for PBXNativeTarget "Thousand Words" */;
			buildPhases = (
				99BA904C1A3CE25F001625B0 /* Sources */,
				99BA904D1A3CE25F001625B0 /* Frameworks */,
				99BA904E1A3CE25F001625B0 /* Resources */,
			);
			buildRules = (
			);
			dependencies = (
			);
			name = "Thousand Words";
			productName = "Thousand Words";
			productReference = 99BA90501A3CE25F001625B0 /* Thousand Words.app */;
			productType = "com.apple.product-type.application";
		};
		99BA906B1A3CE25F001625B0 /* Thousand WordsTests */ = {
			isa = PBXNativeTarget;
			buildConfigurationList = 99BA90791A3CE25F001625B0 /* Build configuration list for PBXNativeTarget "Thousand WordsTests" */;
			buildPhases = (
				99BA90681A3CE25F001625B0 /* Sources */,
				99BA90691A3CE25F001625B0 /* Frameworks */,
				99BA906A1A3CE25F001625B0 /* Resources */,
			);
			buildRules = (
			);
			dependencies = (
				99BA906E1A3CE25F001625B0 /* PBXTargetDependency */,
			);
			name = "Thousand WordsTests";
			productName = "Thousand WordsTests";
			productReference = 99BA906C1A3CE25F001625B0 /* Thousand WordsTests.xctest */;
			productType = "com.apple.product-type.bundle.unit-test";
		};
/* End PBXNativeTarget section */

/* Begin PBXProject section */
		99BA90481A3CE25F001625B0 /* Project object */ = {
			isa = PBXProject;
			attributes = {
				LastUpgradeCheck = 0610;
				ORGANIZATIONNAME = "Matthew Linaberry";
				TargetAttributes = {
					99BA904F1A3CE25F001625B0 = {
						CreatedOnToolsVersion = 6.1.1;
					};
					99BA906B1A3CE25F001625B0 = {
						CreatedOnToolsVersion = 6.1.1;
						TestTargetID = 99BA904F1A3CE25F001625B0;
					};
				};
			};
			buildConfigurationList = 99BA904B1A3CE25F001625B0 /* Build configuration list for PBXProject "Thousand Words" */;
			compatibilityVersion = "Xcode 3.2";
			developmentRegion = English;
			hasScannedForEncodings = 0;
			knownRegions = (
				en,
				Base,
			);
			mainGroup = 99BA90471A3CE25F001625B0;
			productRefGroup = 99BA90511A3CE25F001625B0 /* Products */;
			projectDirPath = "";
			projectRoot = "";
			targets = (
				99BA904F1A3CE25F001625B0 /* Thousand Words */,
				99BA906B1A3CE25F001625B0 /* Thousand WordsTests */,
			);
		};
/* End PBXProject section */

/* Begin PBXResourcesBuildPhase section */
		99BA904E1A3CE25F001625B0 /* Resources */ = {
			isa = PBXResourcesBuildPhase;
			buildActionMask = 2147483647;
			files = (
				99BA90621A3CE25F001625B0 /* Main.storyboard in Resources */,
				99BA90671A3CE25F001625B0 /* LaunchScreen.xib in Resources */,
				99BA90641A3CE25F001625B0 /* Images.xcassets in Resources */,
			);
			runOnlyForDeploymentPostprocessing = 0;
		};
		99BA906A1A3CE25F001625B0 /* Resources */ = {
			isa = PBXResourcesBuildPhase;
			buildActionMask = 2147483647;
			files = (
			);
			runOnlyForDeploymentPostprocessing = 0;
		};
/* End PBXResourcesBuildPhase section */

/* Begin PBXSourcesBuildPhase section */
		99BA904C1A3CE25F001625B0 /* Sources */ = {
			isa = PBXSourcesBuildPhase;
			buildActionMask = 2147483647;
			files = (
				99BA90591A3CE25F001625B0 /* AppDelegate.m in Sources */,
				99BA90561A3CE25F001625B0 /* main.m in Sources */,
				99BA905F1A3CE25F001625B0 /* ViewController.m in Sources */,
				99BA905C1A3CE25F001625B0 /* Thousand_Words.xcdatamodeld in Sources */,
			);
			runOnlyForDeploymentPostprocessing = 0;
		};
		99BA90681A3CE25F001625B0 /* Sources */ = {
			isa = PBXSourcesBuildPhase;
			buildActionMask = 2147483647;
			files = (
				99BA90731A3CE25F001625B0 /* Thousand_WordsTests.m in Sources */,
			);
			runOnlyForDeploymentPostprocessing = 0;
		};
/* End PBXSourcesBuildPhase section */

/* Begin PBXTargetDependency section */
		99BA906E1A3CE25F001625B0 /* PBXTargetDependency */ = {
			isa = PBXTargetDependency;
			target = 99BA904F1A3CE25F001625B0 /* Thousand Words */;
			targetProxy = 99BA906D1A3CE25F001625B0 /* PBXContainerItemProxy */;
		};
/* End PBXTargetDependency section */

/* Begin PBXVariantGroup section */
		99BA90601A3CE25F001625B0 /* Main.storyboard */ = {
			isa = PBXVariantGroup;
			children = (
				99BA90611A3CE25F001625B0 /* Base */,
			);
			name = Main.storyboard;
			sourceTree = "<group>";
		};
		99BA90651A3CE25F001625B0 /* LaunchScreen.xib */ = {
			isa = PBXVariantGroup;
			children = (
				99BA90661A3CE25F001625B0 /* Base */,
			);
			name = LaunchScreen.xib;
			sourceTree = "<group>";
		};
/* End PBXVariantGroup section */

/* Begin XCBuildConfiguration section */
		99BA90741A3CE25F001625B0 /* Debug */ = {
			isa = XCBuildConfiguration;
			buildSettings = {
				ALWAYS_SEARCH_USER_PATHS = NO;
				CLANG_CXX_LANGUAGE_STANDARD = "gnu++0x";
				CLANG_CXX_LIBRARY = "libc++";
				CLANG_ENABLE_MODULES = YES;
				CLANG_ENABLE_OBJC_ARC = YES;
				CLANG_WARN_BOOL_CONVERSION = YES;
				CLANG_WARN_CONSTANT_CONVERSION = YES;
				CLANG_WARN_DIRECT_OBJC_ISA_USAGE = YES_ERROR;
				CLANG_WARN_EMPTY_BODY = YES;
				CLANG_WARN_ENUM_CONVERSION = YES;
				CLANG_WARN_INT_CONVERSION = YES;
				CLANG_WARN_OBJC_ROOT_CLASS = YES_ERROR;
				CLANG_WARN_UNREACHABLE_CODE = YES;
				CLANG_WARN__DUPLICATE_METHOD_MATCH = YES;
				"CODE_SIGN_IDENTITY[sdk=iphoneos*]" = "iPhone Developer";
				COPY_PHASE_STRIP = NO;
				ENABLE_STRICT_OBJC_MSGSEND = YES;
				GCC_C_LANGUAGE_STANDARD = gnu99;
				GCC_DYNAMIC_NO_PIC = NO;
				GCC_OPTIMIZATION_LEVEL = 0;
				GCC_PREPROCESSOR_DEFINITIONS = (
					"DEBUG=1",
					"$(inherited)",
				);
				GCC_SYMBOLS_PRIVATE_EXTERN = NO;
				GCC_WARN_64_TO_32_BIT_CONVERSION = YES;
				GCC_WARN_ABOUT_RETURN_TYPE = YES_ERROR;
				GCC_WARN_UNDECLARED_SELECTOR = YES;
				GCC_WARN_UNINITIALIZED_AUTOS = YES_AGGRESSIVE;
				GCC_WARN_UNUSED_FUNCTION = YES;
				GCC_WARN_UNUSED_VARIABLE = YES;
				IPHONEOS_DEPLOYMENT_TARGET = 8.1;
				MTL_ENABLE_DEBUG_INFO = YES;
				ONLY_ACTIVE_ARCH = YES;
				SDKROOT = iphoneos;
			};
			name = Debug;
		};
		99BA90751A3CE25F001625B0 /* Release */ = {
			isa = XCBuildConfiguration;
			buildSettings = {
				ALWAYS_SEARCH_USER_PATHS = NO;
				CLANG_CXX_LANGUAGE_STANDARD = "gnu++0x";
				CLANG_CXX_LIBRARY = "libc++";
				CLANG_ENABLE_MODULES = YES;
				CLANG_ENABLE_OBJC_ARC = YES;
				CLANG_WARN_BOOL_CONVERSION = YES;
				CLANG_WARN_CONSTANT_CONVERSION = YES;
				CLANG_WARN_DIRECT_OBJC_ISA_USAGE = YES_ERROR;
				CLANG_WARN_EMPTY_BODY = YES;
				CLANG_WARN_ENUM_CONVERSION = YES;
				CLANG_WARN_INT_CONVERSION = YES;
				CLANG_WARN_OBJC_ROOT_CLASS = YES_ERROR;
				CLANG_WARN_UNREACHABLE_CODE = YES;
				CLANG_WARN__DUPLICATE_METHOD_MATCH = YES;
				"CODE_SIGN_IDENTITY[sdk=iphoneos*]" = "iPhone Developer";
				COPY_PHASE_STRIP = YES;
				ENABLE_NS_ASSERTIONS = NO;
				ENABLE_STRICT_OBJC_MSGSEND = YES;
				GCC_C_LANGUAGE_STANDARD = gnu99;
				GCC_WARN_64_TO_32_BIT_CONVERSION = YES;
				GCC_WARN_ABOUT_RETURN_TYPE = YES_ERROR;
				GCC_WARN_UNDECLARED_SELECTOR = YES;
				GCC_WARN_UNINITIALIZED_AUTOS = YES_AGGRESSIVE;
				GCC_WARN_UNUSED_FUNCTION = YES;
				GCC_WARN_UNUSED_VARIABLE = YES;
				IPHONEOS_DEPLOYMENT_TARGET = 8.1;
				MTL_ENABLE_DEBUG_INFO = NO;
				SDKROOT = iphoneos;
				VALIDATE_PRODUCT = YES;
			};
			name = Release;
		};
		99BA90771A3CE25F001625B0 /* Debug */ = {
			isa = XCBuildConfiguration;
			buildSettings = {
				ASSETCATALOG_COMPILER_APPICON_NAME = AppIcon;
				INFOPLIST_FILE = "Thousand Words/Info.plist";
				LD_RUNPATH_SEARCH_PATHS = "$(inherited) @executable_path/Frameworks";
				PRODUCT_NAME = "$(TARGET_NAME)";
			};
			name = Debug;
		};
		99BA90781A3CE25F001625B0 /* Release */ = {
			isa = XCBuildConfiguration;
			buildSettings = {
				ASSETCATALOG_COMPILER_APPICON_NAME = AppIcon;
				INFOPLIST_FILE = "Thousand Words/Info.plist";
				LD_RUNPATH_SEARCH_PATHS = "$(inherited) @executable_path/Frameworks";
				PRODUCT_NAME = "$(TARGET_NAME)";
			};
			name = Release;
		};
		99BA907A1A3CE25F001625B0 /* Debug */ = {
			isa = XCBuildConfiguration;
			buildSettings = {
				BUNDLE_LOADER = "$(TEST_HOST)";
				FRAMEWORK_SEARCH_PATHS = (
					"$(SDKROOT)/Developer/Library/Frameworks",
					"$(inherited)",
				);
				GCC_PREPROCESSOR_DEFINITIONS = (
					"DEBUG=1",
					"$(inherited)",
				);
				INFOPLIST_FILE = "Thousand WordsTests/Info.plist";
				LD_RUNPATH_SEARCH_PATHS = "$(inherited) @executable_path/Frameworks @loader_path/Frameworks";
				PRODUCT_NAME = "$(TARGET_NAME)";
				TEST_HOST = "$(BUILT_PRODUCTS_DIR)/Thousand Words.app/Thousand Words";
			};
			name = Debug;
		};
		99BA907B1A3CE25F001625B0 /* Release */ = {
			isa = XCBuildConfiguration;
			buildSettings = {
				BUNDLE_LOADER = "$(TEST_HOST)";
				FRAMEWORK_SEARCH_PATHS = (
					"$(SDKROOT)/Developer/Library/Frameworks",
					"$(inherited)",
				);
				INFOPLIST_FILE = "Thousand WordsTests/Info.plist";
				LD_RUNPATH_SEARCH_PATHS = "$(inherited) @executable_path/Frameworks @loader_path/Frameworks";
				PRODUCT_NAME = "$(TARGET_NAME)";
				TEST_HOST = "$(BUILT_PRODUCTS_DIR)/Thousand Words.app/Thousand Words";
			};
			name = Release;
		};
/* End XCBuildConfiguration section */

/* Begin XCConfigurationList section */
		99BA904B1A3CE25F001625B0 /* Build configuration list for PBXProject "Thousand Words" */ = {
			isa = XCConfigurationList;
			buildConfigurations = (
				99BA90741A3CE25F001625B0 /* Debug */,
				99BA90751A3CE25F001625B0 /* Release */,
			);
			defaultConfigurationIsVisible = 0;
			defaultConfigurationName = Release;
		};
		99BA90761A3CE25F001625B0 /* Build configuration list for PBXNativeTarget "Thousand Words" */ = {
			isa = XCConfigurationList;
			buildConfigurations = (
				99BA90771A3CE25F001625B0 /* Debug */,
				99BA90781A3CE25F001625B0 /* Release */,
			);
			defaultConfigurationIsVisible = 0;
		};
		99BA90791A3CE25F001625B0 /* Build configuration list for PBXNativeTarget "Thousand WordsTests" */ = {
			isa = XCConfigurationList;
			buildConfigurations = (
				99BA907A1A3CE25F001625B0 /* Debug */,
				99BA907B1A3CE25F001625B0 /* Release */,
			);
			defaultConfigurationIsVisible = 0;
		};
/* End XCConfigurationList section */

/* Begin XCVersionGroup section */
		99BA905A1A3CE25F001625B0 /* Thousand_Words.xcdatamodeld */ = {
			isa = XCVersionGroup;
			children = (
				99BA905B1A3CE25F001625B0 /* Thousand_Words.xcdatamodel */,
			);
			currentVersion = 99BA905B1A3CE25F001625B0 /* Thousand_Words.xcdatamodel */;
			path = Thousand_Words.xcdatamodeld;
			sourceTree = "<group>";
			versionGroupType = wrapper.xcdatamodel;
		};
/* End XCVersionGroup section */
	};
	rootObject = 99BA90481A3CE25F001625B0 /* Project object */;
}
